
Microsoft Visual Studio Solution File, Format Version 12.00
# Visual Studio Version 17
VisualStudioVersion = 17.13.35806.99 d17.13
MinimumVisualStudioVersion = 10.0.40219.1
Project("{8BC9CEB8-8B4A-11D0-8D11-00A0C91BC942}") = "slabAlloc", "slabAlloc.vcxproj", "{F3EDC93B-FBD2-429C-AC90-2BA5F0BB1C4D}"
EndProject
Global
	GlobalSection(SolutionConfigurationPlatforms) = preSolution
		Debug|x64 = Debug|x64
		Debug|x86 = Debug|x86
		Release|x64 = Release|x64
		Release|x86 = Release|x86
	EndGlobalSection
	GlobalSection(ProjectConfigurationPlatforms) = postSolution
		{F3EDC93B-FBD2-429C-AC90-2BA5F0BB1C4D}.Debug|x64.ActiveCfg = Debug|x64
		{F3EDC93B-FBD2-429C-AC90-2BA5F0BB1C4D}.Debug|x64.Build.0 = Debug|x64
		{F3EDC93B-FBD2-429C-AC90-2BA5F0BB1C4D}.Debug|x86.ActiveCfg = Debug|Win32
		{F3EDC93B-FBD2-429C-AC90-2BA5F0BB1C4D}.Debug|x86.Build.0 = Debug|Win32
		{F3EDC93B-FBD2-429C-AC90-2BA5F0BB1C4D}.Release|x64.ActiveCfg = Release|x64
		{F3EDC93B-FBD2-429C-AC90-2BA5F0BB1C4D}.Release|x64.Build.0 = Release|x64
		{F3EDC93B-FBD2-429C-AC90-2BA5F0BB1C4D}.Release|x86.ActiveCfg = Release|Win32
		{F3EDC93B-FBD2-429C-AC90-2BA5F0BB1C4D}.Release|x86.Build.0 = Release|Win32
	EndGlobalSection
	GlobalSection(SolutionProperties) = preSolution
		HideSolutionNode = FALSE
	EndGlobalSection
	GlobalSection(ExtensibilityGlobals) = postSolution
		SolutionGuid = {2CE912FF-3DF1-4CE5-876D-B5074C09DFDE}
	EndGlobalSection
EndGlobal
